github.com/breathbath/go_utils v0.0.0-20181128132405-60edf34b7ddf h1:UUrVwBHvm0XAD8Wryn3Jq/i47ZQpCkYGdpPavZuCMjM=
github.com/breathbath/go_utils v0.0.0-20181128132405-60edf34b7ddf/go.mod h1:13LzDp3v9P0ZnNpBO+VG7Fdrj+mPGjsMQUm6auQya2A=
github.com/djimenez/iconv-go v0.0.0-20160305225143-8960e66bd3da h1:0qwwqQCLOOXPl58ljnq3sTJR7yRuMolM02vjxDh4ZVE=
github.com/djimenez/iconv-go v0.0.0-20160305225143-8960e66bd3da/go.mod h1:ns+zIWBBchgfRdxNgIJWn2x6U95LQchxeqiN5Cgdgts=
github.com/mattn/go-runewidth v0.0.3 h1:a+kO+98RDGEfo6asOGMmpodZq4FNtnGP54yps8BzLR4=
github.com/mattn/go-runewidth v0.0.3/go.mod h1:LwmH8dsx7+W8Uxz3IHJYH5QSwggIsqBzpuz5H//U1FU=
github.com/olekukonko/tablewriter v0.0.1 h1:b3iUnf1v+ppJiOfNX4yxxqfWKMQPZR5yoh8urCTFX88=
github.com/olekukonko/tablewriter v0.0.1/go.mod h1:vsDQFd/mU46D+Z4whnwzcISnGGzXWMclvtLoiIKAKIo=
